# THIS IS AN AUTOGENERATED FILE. DO NOT EDIT THIS FILE DIRECTLY.
# yarn lockfile v1


"@vue/reactivity@^3.1.4":
  version "3.1.4"
  resolved "https://registry.yarnpkg.com/@vue/reactivity/-/reactivity-3.1.4.tgz#d926ed46fb0d48582ccf8665b062d37b5d35ba99"
  integrity sha512-YDlgii2Cr9yAoKVZFzgY4j0mYlVT73986X3e5SPp6ifqckSEoFSUWXZK2Tb53TB/9qO29BEEbspnKD3m3wAwkA==
  dependencies:
    "@vue/shared" "3.1.4"

"@vue/shared@3.1.4":
  version "3.1.4"
  resolved "https://registry.yarnpkg.com/@vue/shared/-/shared-3.1.4.tgz#c14c461ec42ea2c1556e86f60b0354341d91adc3"
  integrity sha512-6O45kZAmkLvzGLToBxEz4lR2W6kXohCtebV2UxjH9GXjd8X9AhEn68FN9eNanFtWNzvgw1hqd6HkPRVQalqf7Q==
